
Microsoft Visual Studio Solution File, Format Version 12.00
# Visual Studio Version 16
VisualStudioVersion = 16.0.29215.179
MinimumVisualStudioVersion = 10.0.40219.1
Project("{FAE04EC0-301F-11D3-BF4B-00C04F79EFBC}") = "Login1CodeFirst", "Login1CodeFirst\Login1CodeFirst.csproj", "{C59B5738-1203-4341-A740-9831D469D757}"
EndProject
Global
	GlobalSection(SolutionConfigurationPlatforms) = preSolution
		Debug|Any CPU = Debug|Any CPU
		Release|Any CPU = Release|Any CPU
	EndGlobalSection
	GlobalSection(ProjectConfigurationPlatforms) = postSolution
		{C59B5738-1203-4341-A740-9831D469D757}.Debug|Any CPU.ActiveCfg = Debug|Any CPU
		{C59B5738-1203-4341-A740-9831D469D757}.Debug|Any CPU.Build.0 = Debug|Any CPU
		{C59B5738-1203-4341-A740-9831D469D757}.Release|Any CPU.ActiveCfg = Release|Any CPU
		{C59B5738-1203-4341-A740-9831D469D757}.Release|Any CPU.Build.0 = Release|Any CPU
	EndGlobalSection
	GlobalSection(SolutionProperties) = preSolution
		HideSolutionNode = FALSE
	EndGlobalSection
	GlobalSection(ExtensibilityGlobals) = postSolution
		SolutionGuid = {10A6E843-D08D-44F7-B854-28D5F1DF1DE7}
	EndGlobalSection
EndGlobal
